{
  "name": "britcinn-rasp",
  "version": "1.0.0",
  "lockfileVersion": 2,
  "requires": true,
  "packages": {
    "": {
      "name": "britcinn-rasp",
      "version": "1.0.0",
      "license": "ISC",
      "dependencies": {
        "@picovoice/picovoice-node": "^2.1.8"
      }
    },
    "node_modules/@picovoice/picovoice-node": {
      "version": "2.1.8",
      "resolved": "https://registry.npmjs.org/@picovoice/picovoice-node/-/picovoice-node-2.1.8.tgz",
      "integrity": "sha512-gMvloz2S1nChQZNY6eBPavg0CKcepDeBRozznu1nTqOXWfRWclpAp7bwNCwrDpTnqlqMvZ2ZZg8aCge3JCDzOA==",
      "cpu": [
        "!ia32",
        "!mips",
        "!ppc",
        "!ppc64"
      ],
      "dependencies": {
        "@picovoice/porcupine-node": "2.1.7",
        "@picovoice/rhino-node": "2.1.10"
      },
      "engines": {
        "node": ">=12.0.0"
      }
    },
    "node_modules/@picovoice/porcupine-node": {
      "version": "2.1.7",
      "resolved": "https://registry.npmjs.org/@picovoice/porcupine-node/-/porcupine-node-2.1.7.tgz",
      "integrity": "sha512-w1HKXhIJs2w3piZOmDPR6V0hPVeAwtJLV2Oix+O0rZDPvDPlTTmORSBAAoa/3vV1RaElNyWzhQKzrKaY4hBd9w==",
      "cpu": [
        "!ia32",
        "!mips",
        "!ppc",
        "!ppc64"
      ],
      "engines": {
        "node": ">=12.0.0"
      }
    },
    "node_modules/@picovoice/rhino-node": {
      "version": "2.1.10",
      "resolved": "https://registry.npmjs.org/@picovoice/rhino-node/-/rhino-node-2.1.10.tgz",
      "integrity": "sha512-RhUF2pDXE+694NFo6sY/vedhUqek8fGS731D7TqKek4ozc53tWKBNr3UIu6p2CYis3iiBj76SwtpskiWlMnoGQ==",
      "cpu": [
        "!ia32",
        "!mips",
        "!ppc",
        "!ppc64"
      ],
      "engines": {
        "node": ">=12.0.0"
      }
    }
  },
  "dependencies": {
    "@picovoice/picovoice-node": {
      "version": "2.1.8",
      "resolved": "https://registry.npmjs.org/@picovoice/picovoice-node/-/picovoice-node-2.1.8.tgz",
      "integrity": "sha512-gMvloz2S1nChQZNY6eBPavg0CKcepDeBRozznu1nTqOXWfRWclpAp7bwNCwrDpTnqlqMvZ2ZZg8aCge3JCDzOA==",
      "requires": {
        "@picovoice/porcupine-node": "2.1.7",
        "@picovoice/rhino-node": "2.1.10"
      }
    },
    "@picovoice/porcupine-node": {
      "version": "2.1.7",
      "resolved": "https://registry.npmjs.org/@picovoice/porcupine-node/-/porcupine-node-2.1.7.tgz",
      "integrity": "sha512-w1HKXhIJs2w3piZOmDPR6V0hPVeAwtJLV2Oix+O0rZDPvDPlTTmORSBAAoa/3vV1RaElNyWzhQKzrKaY4hBd9w=="
    },
    "@picovoice/rhino-node": {
      "version": "2.1.10",
      "resolved": "https://registry.npmjs.org/@picovoice/rhino-node/-/rhino-node-2.1.10.tgz",
      "integrity": "sha512-RhUF2pDXE+694NFo6sY/vedhUqek8fGS731D7TqKek4ozc53tWKBNr3UIu6p2CYis3iiBj76SwtpskiWlMnoGQ=="
    }
  }
}
